
Microsoft Visual Studio Solution File, Format Version 12.00
# Visual Studio Version 17
VisualStudioVersion = 17.4.33213.308
MinimumVisualStudioVersion = 10.0.40219.1
Project("{FAE04EC0-301F-11D3-BF4B-00C04F79EFBC}") = "ASPNETMVCCRUD", "ASPNETMVCCRUD\ASPNETMVCCRUD.csproj", "{C9B0D32D-F63F-46E1-BF15-816198149499}"
EndProject
Global
	GlobalSection(SolutionConfigurationPlatforms) = preSolution
		Debug|Any CPU = Debug|Any CPU
		Release|Any CPU = Release|Any CPU
	EndGlobalSection
	GlobalSection(ProjectConfigurationPlatforms) = postSolution
		{C9B0D32D-F63F-46E1-BF15-816198149499}.Debug|Any CPU.ActiveCfg = Debug|Any CPU
		{C9B0D32D-F63F-46E1-BF15-816198149499}.Debug|Any CPU.Build.0 = Debug|Any CPU
		{C9B0D32D-F63F-46E1-BF15-816198149499}.Release|Any CPU.ActiveCfg = Release|Any CPU
		{C9B0D32D-F63F-46E1-BF15-816198149499}.Release|Any CPU.Build.0 = Release|Any CPU
	EndGlobalSection
	GlobalSection(SolutionProperties) = preSolution
		HideSolutionNode = FALSE
	EndGlobalSection
	GlobalSection(ExtensibilityGlobals) = postSolution
		SolutionGuid = {15F3F33E-B186-4D63-A91B-F5C744326A71}
	EndGlobalSection
EndGlobal
